// !$*UTF8*$!
{
	archiveVersion = 1;
	classes = {
	};
	objectVersion = 46;
	objects = {

/* Begin PBXBuildFile section */
		D248878A1949534B00712185 /* Vertex.swift in Sources */ = {isa = PBXBuildFile; fileRef = D24887891949534B00712185 /* Vertex.swift */; };
		D25F46C419480D3D00973982 /* SwiftGL.framework in Frameworks */ = {isa = PBXBuildFile; fileRef = D25F46C319480D3D00973982 /* SwiftGL.framework */; };
		D26F16B21971037800D95EC5 /* GLWindowController.swift in Sources */ = {isa = PBXBuildFile; fileRef = D26F16B11971037800D95EC5 /* GLWindowController.swift */; };
		D2AB3B5E19469B4C00655A34 /* main.swift in Sources */ = {isa = PBXBuildFile; fileRef = D2AB3B5D19469B4C00655A34 /* main.swift */; };
		D2AB3B6019469B4C00655A34 /* AppDelegate.swift in Sources */ = {isa = PBXBuildFile; fileRef = D2AB3B5F19469B4C00655A34 /* AppDelegate.swift */; };
		D2AB3B6219469B4C00655A34 /* Images.xcassets in Resources */ = {isa = PBXBuildFile; fileRef = D2AB3B6119469B4C00655A34 /* Images.xcassets */; };
		D2AB3B6519469B4C00655A34 /* MainMenu.xib in Resources */ = {isa = PBXBuildFile; fileRef = D2AB3B6319469B4C00655A34 /* MainMenu.xib */; };
		D2AB3B7119469B4C00655A34 /* SwiftGLDemoTests.swift in Sources */ = {isa = PBXBuildFile; fileRef = D2AB3B7019469B4C00655A34 /* SwiftGLDemoTests.swift */; };
		D2AB3B8C19469CB000655A34 /* GLView.m in Sources */ = {isa = PBXBuildFile; fileRef = D2AB3B8B19469CB000655A34 /* GLView.m */; };
		D2AB3B8F19469D8C00655A34 /* GLFullscreenWindow.m in Sources */ = {isa = PBXBuildFile; fileRef = D2AB3B8E19469D8C00655A34 /* GLFullscreenWindow.m */; };
		D2AB3B9219469DD800655A34 /* GLWindowController.m in Sources */ = {isa = PBXBuildFile; fileRef = D2AB3B9119469DD800655A34 /* GLWindowController.m */; };
		D2AB3B9419469EE900655A34 /* Engine.swift in Sources */ = {isa = PBXBuildFile; fileRef = D2AB3B9319469EE900655A34 /* Engine.swift */; };
		D2AB3B9619469F0900655A34 /* Scene.swift in Sources */ = {isa = PBXBuildFile; fileRef = D2AB3B9519469F0900655A34 /* Scene.swift */; };
		D2AB3B9B1946A42300655A34 /* LICENSE in Resources */ = {isa = PBXBuildFile; fileRef = D2AB3B991946A42300655A34 /* LICENSE */; };
		D2AB3BA01946A5C200655A34 /* DemoScene.swift in Sources */ = {isa = PBXBuildFile; fileRef = D2AB3B9F1946A5C200655A34 /* DemoScene.swift */; };
		D2AB3BAD1946A9E200655A34 /* DemoShader1.fsh in Resources */ = {isa = PBXBuildFile; fileRef = D2AB3BAB1946A9E200655A34 /* DemoShader1.fsh */; };
		D2AB3BAE1946A9E200655A34 /* DemoShader1.vsh in Resources */ = {isa = PBXBuildFile; fileRef = D2AB3BAC1946A9E200655A34 /* DemoShader1.vsh */; };
		D2CA62351951386C007B2DC2 /* SwiftGL.framework in Embed Frameworks */ = {isa = PBXBuildFile; fileRef = D25F46C319480D3D00973982 /* SwiftGL.framework */; settings = {ATTRIBUTES = (CodeSignOnCopy, ); }; };
/* End PBXBuildFile section */

/* Begin PBXContainerItemProxy section */
		D2AB3B6B19469B4C00655A34 /* PBXContainerItemProxy */ = {
			isa = PBXContainerItemProxy;
			containerPortal = D2AB3B5019469B4C00655A34 /* Project object */;
			proxyType = 1;
			remoteGlobalIDString = D2AB3B5719469B4C00655A34;
			remoteInfo = SwiftGLDemo;
		};
/* End PBXContainerItemProxy section */

/* Begin PBXCopyFilesBuildPhase section */
		D2CA62361951386C007B2DC2 /* Embed Frameworks */ = {
			isa = PBXCopyFilesBuildPhase;
			buildActionMask = 2147483647;
			dstPath = "";
			dstSubfolderSpec = 10;
			files = (
				D2CA62351951386C007B2DC2 /* SwiftGL.framework in Embed Frameworks */,
			);
			name = "Embed Frameworks";
			runOnlyForDeploymentPostprocessing = 0;
		};
/* End PBXCopyFilesBuildPhase section */

/* Begin PBXFileReference section */
		D24887891949534B00712185 /* Vertex.swift */ = {isa = PBXFileReference; fileEncoding = 4; lastKnownFileType = sourcecode.swift; path = Vertex.swift; sourceTree = "<group>"; };
		D25F46C319480D3D00973982 /* SwiftGL.framework */ = {isa = PBXFileReference; lastKnownFileType = wrapper.framework; path = SwiftGL.framework; sourceTree = "<group>"; };
		D26F16B11971037800D95EC5 /* GLWindowController.swift */ = {isa = PBXFileReference; fileEncoding = 4; lastKnownFileType = sourcecode.swift; path = GLWindowController.swift; sourceTree = "<group>"; };
		D2AB3B5819469B4C00655A34 /* SwiftGLDemo.app */ = {isa = PBXFileReference; explicitFileType = wrapper.application; includeInIndex = 0; path = SwiftGLDemo.app; sourceTree = BUILT_PRODUCTS_DIR; };
		D2AB3B5C19469B4C00655A34 /* Info.plist */ = {isa = PBXFileReference; lastKnownFileType = text.plist.xml; path = Info.plist; sourceTree = "<group>"; };
		D2AB3B5D19469B4C00655A34 /* main.swift */ = {isa = PBXFileReference; lastKnownFileType = sourcecode.swift; path = main.swift; sourceTree = "<group>"; };
		D2AB3B5F19469B4C00655A34 /* AppDelegate.swift */ = {isa = PBXFileReference; lastKnownFileType = sourcecode.swift; path = AppDelegate.swift; sourceTree = "<group>"; };
		D2AB3B6119469B4C00655A34 /* Images.xcassets */ = {isa = PBXFileReference; lastKnownFileType = folder.assetcatalog; path = Images.xcassets; sourceTree = "<group>"; };
		D2AB3B6419469B4C00655A34 /* Base */ = {isa = PBXFileReference; lastKnownFileType = file.xib; name = Base; path = Base.lproj/MainMenu.xib; sourceTree = "<group>"; };
		D2AB3B6A19469B4C00655A34 /* SwiftGLDemoTests.xctest */ = {isa = PBXFileReference; explicitFileType = wrapper.cfbundle; includeInIndex = 0; path = SwiftGLDemoTests.xctest; sourceTree = BUILT_PRODUCTS_DIR; };
		D2AB3B6F19469B4C00655A34 /* Info.plist */ = {isa = PBXFileReference; lastKnownFileType = text.plist.xml; path = Info.plist; sourceTree = "<group>"; };
		D2AB3B7019469B4C00655A34 /* SwiftGLDemoTests.swift */ = {isa = PBXFileReference; lastKnownFileType = sourcecode.swift; path = SwiftGLDemoTests.swift; sourceTree = "<group>"; };
		D2AB3B7C19469BCD00655A34 /* SwiftGLDemo-Bridging-Header.h */ = {isa = PBXFileReference; lastKnownFileType = sourcecode.c.h; path = "SwiftGLDemo-Bridging-Header.h"; sourceTree = "<group>"; };
		D2AB3B8A19469CB000655A34 /* GLView.h */ = {isa = PBXFileReference; fileEncoding = 4; lastKnownFileType = sourcecode.c.h; path = GLView.h; sourceTree = "<group>"; };
		D2AB3B8B19469CB000655A34 /* GLView.m */ = {isa = PBXFileReference; fileEncoding = 4; lastKnownFileType = sourcecode.c.objc; path = GLView.m; sourceTree = "<group>"; };
		D2AB3B8D19469D8C00655A34 /* GLFullscreenWindow.h */ = {isa = PBXFileReference; fileEncoding = 4; lastKnownFileType = sourcecode.c.h; path = GLFullscreenWindow.h; sourceTree = "<group>"; };
		D2AB3B8E19469D8C00655A34 /* GLFullscreenWindow.m */ = {isa = PBXFileReference; fileEncoding = 4; lastKnownFileType = sourcecode.c.objc; path = GLFullscreenWindow.m; sourceTree = "<group>"; };
		D2AB3B9119469DD800655A34 /* GLWindowController.m */ = {isa = PBXFileReference; fileEncoding = 4; lastKnownFileType = sourcecode.c.objc; path = GLWindowController.m; sourceTree = "<group>"; };
		D2AB3B9319469EE900655A34 /* Engine.swift */ = {isa = PBXFileReference; fileEncoding = 4; lastKnownFileType = sourcecode.swift; path = Engine.swift; sourceTree = "<group>"; };
		D2AB3B9519469F0900655A34 /* Scene.swift */ = {isa = PBXFileReference; fileEncoding = 4; lastKnownFileType = sourcecode.swift; path = Scene.swift; sourceTree = "<group>"; };
		D2AB3B991946A42300655A34 /* LICENSE */ = {isa = PBXFileReference; fileEncoding = 4; lastKnownFileType = text; path = LICENSE; sourceTree = "<group>"; };
		D2AB3B9A1946A42300655A34 /* README.md */ = {isa = PBXFileReference; fileEncoding = 4; lastKnownFileType = net.daringfireball.markdown; path = README.md; sourceTree = "<group>"; };
		D2AB3B9F1946A5C200655A34 /* DemoScene.swift */ = {isa = PBXFileReference; fileEncoding = 4; lastKnownFileType = sourcecode.swift; path = DemoScene.swift; sourceTree = "<group>"; };
		D2AB3BAB1946A9E200655A34 /* DemoShader1.fsh */ = {isa = PBXFileReference; fileEncoding = 4; lastKnownFileType = sourcecode.glsl; path = DemoShader1.fsh; sourceTree = "<group>"; };
		D2AB3BAC1946A9E200655A34 /* DemoShader1.vsh */ = {isa = PBXFileReference; fileEncoding = 4; lastKnownFileType = sourcecode.glsl; path = DemoShader1.vsh; sourceTree = "<group>"; };
/* End PBXFileReference section */

/* Begin PBXFrameworksBuildPhase section */
		D2AB3B5519469B4C00655A34 /* Frameworks */ = {
			isa = PBXFrameworksBuildPhase;
			buildActionMask = 2147483647;
			files = (
				D25F46C419480D3D00973982 /* SwiftGL.framework in Frameworks */,
			);
			runOnlyForDeploymentPostprocessing = 0;
		};
		D2AB3B6719469B4C00655A34 /* Frameworks */ = {
			isa = PBXFrameworksBuildPhase;
			buildActionMask = 2147483647;
			files = (
			);
			runOnlyForDeploymentPostprocessing = 0;
		};
/* End PBXFrameworksBuildPhase section */

/* Begin PBXGroup section */
		D25F46C219480D3D00973982 /* Frameworks */ = {
			isa = PBXGroup;
			children = (
				D25F46C319480D3D00973982 /* SwiftGL.framework */,
			);
			path = Frameworks;
			sourceTree = "<group>";
		};
		D2AB3B4F19469B4C00655A34 = {
			isa = PBXGroup;
			children = (
				D2AB3B991946A42300655A34 /* LICENSE */,
				D2AB3B9A1946A42300655A34 /* README.md */,
				D2AB3B5A19469B4C00655A34 /* SwiftGLDemo */,
				D2AB3B6D19469B4C00655A34 /* SwiftGLDemoTests */,
				D2AB3BAA1946A9A400655A34 /* Shaders */,
				D25F46C219480D3D00973982 /* Frameworks */,
				D2AB3B5919469B4C00655A34 /* Products */,
			);
			sourceTree = "<group>";
		};
		D2AB3B5919469B4C00655A34 /* Products */ = {
			isa = PBXGroup;
			children = (
				D2AB3B5819469B4C00655A34 /* SwiftGLDemo.app */,
				D2AB3B6A19469B4C00655A34 /* SwiftGLDemoTests.xctest */,
			);
			name = Products;
			sourceTree = "<group>";
		};
		D2AB3B5A19469B4C00655A34 /* SwiftGLDemo */ = {
			isa = PBXGroup;
			children = (
				D2AB3B7C19469BCD00655A34 /* SwiftGLDemo-Bridging-Header.h */,
				D2AB3B8A19469CB000655A34 /* GLView.h */,
				D2AB3B8B19469CB000655A34 /* GLView.m */,
				D2AB3B8D19469D8C00655A34 /* GLFullscreenWindow.h */,
				D2AB3B8E19469D8C00655A34 /* GLFullscreenWindow.m */,
				D2AB3B9119469DD800655A34 /* GLWindowController.m */,
				D26F16B11971037800D95EC5 /* GLWindowController.swift */,
				D2AB3B5D19469B4C00655A34 /* main.swift */,
				D2AB3B5F19469B4C00655A34 /* AppDelegate.swift */,
				D24887891949534B00712185 /* Vertex.swift */,
				D2AB3B9319469EE900655A34 /* Engine.swift */,
				D2AB3B9519469F0900655A34 /* Scene.swift */,
				D2AB3B9F1946A5C200655A34 /* DemoScene.swift */,
				D2AB3B5B19469B4C00655A34 /* Supporting Files */,
			);
			path = SwiftGLDemo;
			sourceTree = "<group>";
		};
		D2AB3B5B19469B4C00655A34 /* Supporting Files */ = {
			isa = PBXGroup;
			children = (
				D2AB3B6119469B4C00655A34 /* Images.xcassets */,
				D2AB3B6319469B4C00655A34 /* MainMenu.xib */,
				D2AB3B5C19469B4C00655A34 /* Info.plist */,
			);
			name = "Supporting Files";
			sourceTree = "<group>";
		};
		D2AB3B6D19469B4C00655A34 /* SwiftGLDemoTests */ = {
			isa = PBXGroup;
			children = (
				D2AB3B7019469B4C00655A34 /* SwiftGLDemoTests.swift */,
				D2AB3B6E19469B4C00655A34 /* Supporting Files */,
			);
			path = SwiftGLDemoTests;
			sourceTree = "<group>";
		};
		D2AB3B6E19469B4C00655A34 /* Supporting Files */ = {
			isa = PBXGroup;
			children = (
				D2AB3B6F19469B4C00655A34 /* Info.plist */,
			);
			name = "Supporting Files";
			sourceTree = "<group>";
		};
		D2AB3BAA1946A9A400655A34 /* Shaders */ = {
			isa = PBXGroup;
			children = (
				D2AB3BAC1946A9E200655A34 /* DemoShader1.vsh */,
				D2AB3BAB1946A9E200655A34 /* DemoShader1.fsh */,
			);
			path = Shaders;
			sourceTree = "<group>";
		};
/* End PBXGroup section */

/* Begin PBXNativeTarget section */
		D2AB3B5719469B4C00655A34 /* SwiftGLDemo */ = {
			isa = PBXNativeTarget;
			buildConfigurationList = D2AB3B7419469B4C00655A34 /* Build configuration list for PBXNativeTarget "SwiftGLDemo" */;
			buildPhases = (
				D2AB3B5419469B4C00655A34 /* Sources */,
				D2AB3B5519469B4C00655A34 /* Frameworks */,
				D2CA62361951386C007B2DC2 /* Embed Frameworks */,
				D2AB3B5619469B4C00655A34 /* Resources */,
			);
			buildRules = (
			);
			dependencies = (
			);
			name = SwiftGLDemo;
			productName = SwiftGLDemo;
			productReference = D2AB3B5819469B4C00655A34 /* SwiftGLDemo.app */;
			productType = "com.apple.product-type.application";
		};
		D2AB3B6919469B4C00655A34 /* SwiftGLDemoTests */ = {
			isa = PBXNativeTarget;
			buildConfigurationList = D2AB3B7719469B4C00655A34 /* Build configuration list for PBXNativeTarget "SwiftGLDemoTests" */;
			buildPhases = (
				D2AB3B6619469B4C00655A34 /* Sources */,
				D2AB3B6719469B4C00655A34 /* Frameworks */,
				D2AB3B6819469B4C00655A34 /* Resources */,
			);
			buildRules = (
			);
			dependencies = (
				D2AB3B6C19469B4C00655A34 /* PBXTargetDependency */,
			);
			name = SwiftGLDemoTests;
			productName = SwiftGLDemoTests;
			productReference = D2AB3B6A19469B4C00655A34 /* SwiftGLDemoTests.xctest */;
			productType = "com.apple.product-type.bundle.unit-test";
		};
/* End PBXNativeTarget section */

/* Begin PBXProject section */
		D2AB3B5019469B4C00655A34 /* Project object */ = {
			isa = PBXProject;
			attributes = {
				LastUpgradeCheck = 0600;
				ORGANIZATIONNAME = "Scott Bennett";
				TargetAttributes = {
					D2AB3B5719469B4C00655A34 = {
						CreatedOnToolsVersion = 6.0;
					};
					D2AB3B6919469B4C00655A34 = {
						CreatedOnToolsVersion = 6.0;
						TestTargetID = D2AB3B5719469B4C00655A34;
					};
				};
			};
			buildConfigurationList = D2AB3B5319469B4C00655A34 /* Build configuration list for PBXProject "SwiftGLDemo" */;
			compatibilityVersion = "Xcode 3.2";
			developmentRegion = English;
			hasScannedForEncodings = 0;
			knownRegions = (
				en,
				Base,
			);
			mainGroup = D2AB3B4F19469B4C00655A34;
			productRefGroup = D2AB3B5919469B4C00655A34 /* Products */;
			projectDirPath = "";
			projectRoot = "";
			targets = (
				D2AB3B5719469B4C00655A34 /* SwiftGLDemo */,
				D2AB3B6919469B4C00655A34 /* SwiftGLDemoTests */,
			);
		};
/* End PBXProject section */

/* Begin PBXResourcesBuildPhase section */
		D2AB3B5619469B4C00655A34 /* Resources */ = {
			isa = PBXResourcesBuildPhase;
			buildActionMask = 2147483647;
			files = (
				D2AB3B9B1946A42300655A34 /* LICENSE in Resources */,
				D2AB3B6219469B4C00655A34 /* Images.xcassets in Resources */,
				D2AB3B6519469B4C00655A34 /* MainMenu.xib in Resources */,
				D2AB3BAE1946A9E200655A34 /* DemoShader1.vsh in Resources */,
				D2AB3BAD1946A9E200655A34 /* DemoShader1.fsh in Resources */,
			);
			runOnlyForDeploymentPostprocessing = 0;
		};
		D2AB3B6819469B4C00655A34 /* Resources */ = {
			isa = PBXResourcesBuildPhase;
			buildActionMask = 2147483647;
			files = (
			);
			runOnlyForDeploymentPostprocessing = 0;
		};
/* End PBXResourcesBuildPhase section */

/* Begin PBXSourcesBuildPhase section */
		D2AB3B5419469B4C00655A34 /* Sources */ = {
			isa = PBXSourcesBuildPhase;
			buildActionMask = 2147483647;
			files = (
				D2AB3B6019469B4C00655A34 /* AppDelegate.swift in Sources */,
				D2AB3B9419469EE900655A34 /* Engine.swift in Sources */,
				D248878A1949534B00712185 /* Vertex.swift in Sources */,
				D2AB3BA01946A5C200655A34 /* DemoScene.swift in Sources */,
				D2AB3B5E19469B4C00655A34 /* main.swift in Sources */,
				D2AB3B9619469F0900655A34 /* Scene.swift in Sources */,
				D2AB3B8C19469CB000655A34 /* GLView.m in Sources */,
				D2AB3B8F19469D8C00655A34 /* GLFullscreenWindow.m in Sources */,
				D26F16B21971037800D95EC5 /* GLWindowController.swift in Sources */,
				D2AB3B9219469DD800655A34 /* GLWindowController.m in Sources */,
			);
			runOnlyForDeploymentPostprocessing = 0;
		};
		D2AB3B6619469B4C00655A34 /* Sources */ = {
			isa = PBXSourcesBuildPhase;
			buildActionMask = 2147483647;
			files = (
				D2AB3B7119469B4C00655A34 /* SwiftGLDemoTests.swift in Sources */,
			);
			runOnlyForDeploymentPostprocessing = 0;
		};
/* End PBXSourcesBuildPhase section */

/* Begin PBXTargetDependency section */
		D2AB3B6C19469B4C00655A34 /* PBXTargetDependency */ = {
			isa = PBXTargetDependency;
			target = D2AB3B5719469B4C00655A34 /* SwiftGLDemo */;
			targetProxy = D2AB3B6B19469B4C00655A34 /* PBXContainerItemProxy */;
		};
/* End PBXTargetDependency section */

/* Begin PBXVariantGroup section */
		D2AB3B6319469B4C00655A34 /* MainMenu.xib */ = {
			isa = PBXVariantGroup;
			children = (
				D2AB3B6419469B4C00655A34 /* Base */,
			);
			name = MainMenu.xib;
			sourceTree = "<group>";
		};
/* End PBXVariantGroup section */

/* Begin XCBuildConfiguration section */
		D2AB3B7219469B4C00655A34 /* Debug */ = {
			isa = XCBuildConfiguration;
			buildSettings = {
				ALWAYS_SEARCH_USER_PATHS = NO;
				CLANG_CXX_LANGUAGE_STANDARD = "gnu++0x";
				CLANG_CXX_LIBRARY = "libc++";
				CLANG_ENABLE_MODULES = YES;
				CLANG_ENABLE_OBJC_ARC = YES;
				CLANG_WARN_BOOL_CONVERSION = YES;
				CLANG_WARN_CONSTANT_CONVERSION = YES;
				CLANG_WARN_DIRECT_OBJC_ISA_USAGE = YES_ERROR;
				CLANG_WARN_EMPTY_BODY = YES;
				CLANG_WARN_ENUM_CONVERSION = YES;
				CLANG_WARN_INT_CONVERSION = YES;
				CLANG_WARN_OBJC_ROOT_CLASS = YES_ERROR;
				CLANG_WARN_UNREACHABLE_CODE = YES;
				CLANG_WARN__DUPLICATE_METHOD_MATCH = YES;
				CODE_SIGN_IDENTITY = "";
				COPY_PHASE_STRIP = NO;
				ENABLE_STRICT_OBJC_MSGSEND = YES;
				GCC_C_LANGUAGE_STANDARD = gnu99;
				GCC_DYNAMIC_NO_PIC = NO;
				GCC_OPTIMIZATION_LEVEL = 0;
				GCC_PREPROCESSOR_DEFINITIONS = (
					"DEBUG=1",
					"$(inherited)",
				);
				GCC_SYMBOLS_PRIVATE_EXTERN = NO;
				GCC_WARN_64_TO_32_BIT_CONVERSION = YES;
				GCC_WARN_ABOUT_RETURN_TYPE = YES_ERROR;
				GCC_WARN_UNDECLARED_SELECTOR = YES;
				GCC_WARN_UNINITIALIZED_AUTOS = YES_AGGRESSIVE;
				GCC_WARN_UNUSED_FUNCTION = YES;
				GCC_WARN_UNUSED_VARIABLE = YES;
				MACOSX_DEPLOYMENT_TARGET = 10.9;
				METAL_ENABLE_DEBUG_INFO = YES;
				ONLY_ACTIVE_ARCH = YES;
				SDKROOT = macosx;
				SWIFT_OPTIMIZATION_LEVEL = "-Onone";
			};
			name = Debug;
		};
		D2AB3B7319469B4C00655A34 /* Release */ = {
			isa = XCBuildConfiguration;
			buildSettings = {
				ALWAYS_SEARCH_USER_PATHS = NO;
				CLANG_CXX_LANGUAGE_STANDARD = "gnu++0x";
				CLANG_CXX_LIBRARY = "libc++";
				CLANG_ENABLE_MODULES = YES;
				CLANG_ENABLE_OBJC_ARC = YES;
				CLANG_WARN_BOOL_CONVERSION = YES;
				CLANG_WARN_CONSTANT_CONVERSION = YES;
				CLANG_WARN_DIRECT_OBJC_ISA_USAGE = YES_ERROR;
				CLANG_WARN_EMPTY_BODY = YES;
				CLANG_WARN_ENUM_CONVERSION = YES;
				CLANG_WARN_INT_CONVERSION = YES;
				CLANG_WARN_OBJC_ROOT_CLASS = YES_ERROR;
				CLANG_WARN_UNREACHABLE_CODE = YES;
				CLANG_WARN__DUPLICATE_METHOD_MATCH = YES;
				CODE_SIGN_IDENTITY = "";
				COPY_PHASE_STRIP = YES;
				DEBUG_INFORMATION_FORMAT = "dwarf-with-dsym";
				ENABLE_NS_ASSERTIONS = NO;
				ENABLE_STRICT_OBJC_MSGSEND = YES;
				GCC_C_LANGUAGE_STANDARD = gnu99;
				GCC_WARN_64_TO_32_BIT_CONVERSION = YES;
				GCC_WARN_ABOUT_RETURN_TYPE = YES_ERROR;
				GCC_WARN_UNDECLARED_SELECTOR = YES;
				GCC_WARN_UNINITIALIZED_AUTOS = YES_AGGRESSIVE;
				GCC_WARN_UNUSED_FUNCTION = YES;
				GCC_WARN_UNUSED_VARIABLE = YES;
				MACOSX_DEPLOYMENT_TARGET = 10.9;
				METAL_ENABLE_DEBUG_INFO = NO;
				SDKROOT = macosx;
			};
			name = Release;
		};
		D2AB3B7519469B4C00655A34 /* Debug */ = {
			isa = XCBuildConfiguration;
			buildSettings = {
				ASSETCATALOG_COMPILER_APPICON_NAME = AppIcon;
				CLANG_ENABLE_MODULES = YES;
				COMBINE_HIDPI_IMAGES = YES;
				FRAMEWORK_SEARCH_PATHS = (
					"$(inherited)",
					"$(PROJECT_DIR)",
					"$(PROJECT_DIR)/Frameworks",
				);
				INFOPLIST_FILE = SwiftGLDemo/Info.plist;
				LD_RUNPATH_SEARCH_PATHS = "$(inherited) @executable_path/../Frameworks";
				PRODUCT_NAME = "$(TARGET_NAME)";
				SWIFT_OBJC_BRIDGING_HEADER = "SwiftGLDemo/SwiftGLDemo-Bridging-Header.h";
				SWIFT_OPTIMIZATION_LEVEL = "-Onone";
			};
			name = Debug;
		};
		D2AB3B7619469B4C00655A34 /* Release */ = {
			isa = XCBuildConfiguration;
			buildSettings = {
				ASSETCATALOG_COMPILER_APPICON_NAME = AppIcon;
				CLANG_ENABLE_MODULES = YES;
				COMBINE_HIDPI_IMAGES = YES;
				FRAMEWORK_SEARCH_PATHS = (
					"$(inherited)",
					"$(PROJECT_DIR)",
					"$(PROJECT_DIR)/Frameworks",
				);
				INFOPLIST_FILE = SwiftGLDemo/Info.plist;
				LD_RUNPATH_SEARCH_PATHS = "$(inherited) @executable_path/../Frameworks";
				PRODUCT_NAME = "$(TARGET_NAME)";
				SWIFT_OBJC_BRIDGING_HEADER = "SwiftGLDemo/SwiftGLDemo-Bridging-Header.h";
			};
			name = Release;
		};
		D2AB3B7819469B4C00655A34 /* Debug */ = {
			isa = XCBuildConfiguration;
			buildSettings = {
				BUNDLE_LOADER = "$(BUILT_PRODUCTS_DIR)/SwiftGLDemo.app/Contents/MacOS/SwiftGLDemo";
				COMBINE_HIDPI_IMAGES = YES;
				FRAMEWORK_SEARCH_PATHS = (
					"$(DEVELOPER_FRAMEWORKS_DIR)",
					"$(inherited)",
				);
				GCC_PREPROCESSOR_DEFINITIONS = (
					"DEBUG=1",
					"$(inherited)",
				);
				INFOPLIST_FILE = SwiftGLDemoTests/Info.plist;
				LD_RUNPATH_SEARCH_PATHS = "$(inherited) @executable_path/../Frameworks @loader_path/../Frameworks";
				METAL_ENABLE_DEBUG_INFO = YES;
				PRODUCT_NAME = "$(TARGET_NAME)";
				TEST_HOST = "$(BUNDLE_LOADER)";
			};
			name = Debug;
		};
		D2AB3B7919469B4C00655A34 /* Release */ = {
			isa = XCBuildConfiguration;
			buildSettings = {
				BUNDLE_LOADER = "$(BUILT_PRODUCTS_DIR)/SwiftGLDemo.app/Contents/MacOS/SwiftGLDemo";
				COMBINE_HIDPI_IMAGES = YES;
				FRAMEWORK_SEARCH_PATHS = (
					"$(DEVELOPER_FRAMEWORKS_DIR)",
					"$(inherited)",
				);
				INFOPLIST_FILE = SwiftGLDemoTests/Info.plist;
				LD_RUNPATH_SEARCH_PATHS = "$(inherited) @executable_path/../Frameworks @loader_path/../Frameworks";
				METAL_ENABLE_DEBUG_INFO = NO;
				PRODUCT_NAME = "$(TARGET_NAME)";
				TEST_HOST = "$(BUNDLE_LOADER)";
			};
			name = Release;
		};
/* End XCBuildConfiguration section */

/* Begin XCConfigurationList section */
		D2AB3B5319469B4C00655A34 /* Build configuration list for PBXProject "SwiftGLDemo" */ = {
			isa = XCConfigurationList;
			buildConfigurations = (
				D2AB3B7219469B4C00655A34 /* Debug */,
				D2AB3B7319469B4C00655A34 /* Release */,
			);
			defaultConfigurationIsVisible = 0;
			defaultConfigurationName = Release;
		};
		D2AB3B7419469B4C00655A34 /* Build configuration list for PBXNativeTarget "SwiftGLDemo" */ = {
			isa = XCConfigurationList;
			buildConfigurations = (
				D2AB3B7519469B4C00655A34 /* Debug */,
				D2AB3B7619469B4C00655A34 /* Release */,
			);
			defaultConfigurationIsVisible = 0;
			defaultConfigurationName = Release;
		};
		D2AB3B7719469B4C00655A34 /* Build configuration list for PBXNativeTarget "SwiftGLDemoTests" */ = {
			isa = XCConfigurationList;
			buildConfigurations = (
				D2AB3B7819469B4C00655A34 /* Debug */,
				D2AB3B7919469B4C00655A34 /* Release */,
			);
			defaultConfigurationIsVisible = 0;
			defaultConfigurationName = Release;
		};
/* End XCConfigurationList section */
	};
	rootObject = D2AB3B5019469B4C00655A34 /* Project object */;
}
